{
    "_readme": [
        "This file locks the dependencies of your project to a known state",
        "Read more about it at https://getcomposer.org/doc/01-basic-usage.md#installing-dependencies",
        "This file is @generated automatically"
    ],
    "content-hash": "61fcb26a69bd41ce46c6e0af02add41e",
    "packages": [
        {
            "name": "filp/whoops",
            "version": "2.3.1",
            "source": {
                "type": "git",
                "url": "https://github.com/filp/whoops.git",
                "reference": "bc0fd11bc455cc20ee4b5edabc63ebbf859324c7"
            },
            "dist": {
                "type": "zip",
                "url": "https://api.github.com/repos/filp/whoops/zipball/bc0fd11bc455cc20ee4b5edabc63ebbf859324c7",
                "reference": "bc0fd11bc455cc20ee4b5edabc63ebbf859324c7",
                "shasum": ""
            },
            "require": {
                "php": "^5.5.9 || ^7.0",
                "psr/log": "^1.0.1"
            },
            "require-dev": {
                "mockery/mockery": "^0.9 || ^1.0",
                "phpunit/phpunit": "^4.8.35 || ^5.7",
                "symfony/var-dumper": "^2.6 || ^3.0 || ^4.0"
            },
            "suggest": {
                "symfony/var-dumper": "Pretty print complex values better with var-dumper available",
                "whoops/soap": "Formats errors as SOAP responses"
            },
            "type": "library",
            "extra": {
                "branch-alias": {
                    "dev-master": "2.2-dev"
                }
            },
            "autoload": {
                "psr-4": {
                    "Whoops\\": "src/Whoops/"
                }
            },
            "notification-url": "https://packagist.org/downloads/",
            "license": [
                "MIT"
            ],
            "authors": [
                {
                    "name": "Filipe Dobreira",
                    "homepage": "https://github.com/filp",
                    "role": "Developer"
                }
            ],
            "description": "php error handling for cool kids",
            "homepage": "https://filp.github.io/whoops/",
            "keywords": [
                "error",
                "exception",
                "handling",
                "library",
                "throwable",
                "whoops"
            ],
            "time": "2018-10-23T09:00:00+00:00"
        },
        {
            "name": "http-interop/response-sender",
            "version": "1.0.0",
            "source": {
                "type": "git",
                "url": "https://github.com/http-interop/response-sender.git",
                "reference": "fd63be06cd6c9216ef3c725af1a3f6b155eebc84"
            },
            "dist": {
                "type": "zip",
                "url": "https://api.github.com/repos/http-interop/response-sender/zipball/fd63be06cd6c9216ef3c725af1a3f6b155eebc84",
                "reference": "fd63be06cd6c9216ef3c725af1a3f6b155eebc84",
                "shasum": ""
            },
            "require": {
                "psr/http-message": "^1.0"
            },
            "require-dev": {
                "guzzlehttp/psr7": "^1.4",
                "php-mock/php-mock-phpunit": "^1.1",
                "phpunit/phpunit": "^5.6"
            },
            "type": "library",
            "autoload": {
                "files": [
                    "src/functions.php"
                ]
            },
            "notification-url": "https://packagist.org/downloads/",
            "license": [
                "MIT"
            ],
            "authors": [
                {
                    "name": "Woody Gilk",
                    "email": "woody.gilk@gmail.com"
                }
            ],
            "description": "A function to convert PSR-7 Response to HTTP output",
            "time": "2017-03-17T15:46:19+00:00"
        },
        {
            "name": "middlewares/fast-route",
            "version": "v1.2.0",
            "source": {
                "type": "git",
                "url": "https://github.com/middlewares/fast-route.git",
                "reference": "b30a920a028bd1fd3b8014358c8251d06bfda799"
            },
            "dist": {
                "type": "zip",
                "url": "https://api.github.com/repos/middlewares/fast-route/zipball/b30a920a028bd1fd3b8014358c8251d06bfda799",
                "reference": "b30a920a028bd1fd3b8014358c8251d06bfda799",
                "shasum": ""
            },
            "require": {
                "middlewares/utils": "^2.1",
                "nikic/fast-route": "^1.0",
                "php": "^7.0",
                "psr/http-server-middleware": "^1.0"
            },
            "require-dev": {
                "friendsofphp/php-cs-fixer": "^2.0",
                "phpstan/phpstan": "^0.9.2|^0.10.3",
                "phpunit/phpunit": "^6.0|^7.0",
                "squizlabs/php_codesniffer": "^3.0",
                "zendframework/zend-diactoros": "^1.3"
            },
            "type": "library",
            "autoload": {
                "psr-4": {
                    "Middlewares\\": "src/"
                }
            },
            "notification-url": "https://packagist.org/downloads/",
            "license": [
                "MIT"
            ],
            "description": "Middleware to use FastRoute",
            "homepage": "https://github.com/middlewares/fast-route",
            "keywords": [
                "FastRoute",
                "fast-route",
                "http",
                "middleware",
                "psr-15",
                "psr-7",
                "router",
                "server"
            ],
            "time": "2018-10-22T18:56:28+00:00"
        },
        {
            "name": "middlewares/request-handler",
            "version": "v1.3.0",
            "source": {
                "type": "git",
                "url": "https://github.com/middlewares/request-handler.git",
                "reference": "53c5fd447c6fd6ec55c0ac7baeca0f3ba746ca07"
            },
            "dist": {
                "type": "zip",
                "url": "https://api.github.com/repos/middlewares/request-handler/zipball/53c5fd447c6fd6ec55c0ac7baeca0f3ba746ca07",
                "reference": "53c5fd447c6fd6ec55c0ac7baeca0f3ba746ca07",
                "shasum": ""
            },
            "require": {
                "middlewares/utils": "^2.1",
                "php": "^7.0",
                "psr/http-server-middleware": "^1.0"
            },
            "require-dev": {
                "friendsofphp/php-cs-fixer": "^2.0",
                "phpunit/phpunit": "^6.0|^7.0",
                "psr/container": "^1.0",
                "squizlabs/php_codesniffer": "^3.0",
                "zendframework/zend-diactoros": "^1.3"
            },
            "suggest": {
                "psr/container": "Can be used to resolve handlers automatically"
            },
            "type": "library",
            "autoload": {
                "psr-4": {
                    "Middlewares\\": "src/"
                }
            },
            "notification-url": "https://packagist.org/downloads/",
            "license": [
                "MIT"
            ],
            "description": "Middleware to execute request handlers",
            "homepage": "https://github.com/middlewares/request-handler",
            "keywords": [
                "controller",
                "handler",
                "http",
                "invoke",
                "middleware",
                "psr-15",
                "psr-7",
                "request",
                "server"
            ],
            "time": "2018-08-24T15:23:53+00:00"
        },
        {
            "name": "middlewares/utils",
            "version": "v2.1.1",
            "source": {
                "type": "git",
                "url": "https://github.com/middlewares/utils.git",
                "reference": "8e3f2720fa462443e1566c9e3ab78169adcb0468"
            },
            "dist": {
                "type": "zip",
                "url": "https://api.github.com/repos/middlewares/utils/zipball/8e3f2720fa462443e1566c9e3ab78169adcb0468",
                "reference": "8e3f2720fa462443e1566c9e3ab78169adcb0468",
                "shasum": ""
            },
            "require": {
                "php": "^7.0",
                "psr/container": "^1.0",
                "psr/http-factory": "^1.0",
                "psr/http-message": "^1.0",
                "psr/http-server-middleware": "^1.0"
            },
            "require-dev": {
                "friendsofphp/php-cs-fixer": "^2.0",
                "guzzlehttp/psr7": "^1.3",
                "phpunit/phpunit": "^6.0|^7.0",
                "slim/slim": "^3.5",
                "squizlabs/php_codesniffer": "^3.0",
                "zendframework/zend-diactoros": "^1.3"
            },
            "type": "library",
            "autoload": {
                "psr-4": {
                    "Middlewares\\Utils\\": "src/"
                }
            },
            "notification-url": "https://packagist.org/downloads/",
            "license": [
                "MIT"
            ],
            "description": "Common utils to create PSR-15 middleware packages",
            "homepage": "https://github.com/middlewares/utils",
            "keywords": [
                "PSR-11",
                "http",
                "middleware",
                "psr-15",
                "psr-17",
                "psr-7"
            ],
            "time": "2018-08-11T07:23:25+00:00"
        },
        {
            "name": "nikic/fast-route",
            "version": "v1.3.0",
            "source": {
                "type": "git",
                "url": "https://github.com/nikic/FastRoute.git",
                "reference": "181d480e08d9476e61381e04a71b34dc0432e812"
            },
            "dist": {
                "type": "zip",
                "url": "https://api.github.com/repos/nikic/FastRoute/zipball/181d480e08d9476e61381e04a71b34dc0432e812",
                "reference": "181d480e08d9476e61381e04a71b34dc0432e812",
                "shasum": ""
            },
            "require": {
                "php": ">=5.4.0"
            },
            "require-dev": {
                "phpunit/phpunit": "^4.8.35|~5.7"
            },
            "type": "library",
            "autoload": {
                "psr-4": {
                    "FastRoute\\": "src/"
                },
                "files": [
                    "src/functions.php"
                ]
            },
            "notification-url": "https://packagist.org/downloads/",
            "license": [
                "BSD-3-Clause"
            ],
            "authors": [
                {
                    "name": "Nikita Popov",
                    "email": "nikic@php.net"
                }
            ],
            "description": "Fast request router for PHP",
            "keywords": [
                "router",
                "routing"
            ],
            "time": "2018-02-13T20:26:39+00:00"
        },
        {
            "name": "northwoods/broker",
            "version": "3.0.0",
            "source": {
                "type": "git",
                "url": "https://github.com/northwoods/broker.git",
                "reference": "5866b4a84e838bc9871c399bddda1250e83425e9"
            },
            "dist": {
                "type": "zip",
                "url": "https://api.github.com/repos/northwoods/broker/zipball/5866b4a84e838bc9871c399bddda1250e83425e9",
                "reference": "5866b4a84e838bc9871c399bddda1250e83425e9",
                "shasum": ""
            },
            "require": {
                "php": ">=7.1",
                "psr/http-server-middleware": "^1.0"
            },
            "require-dev": {
                "eloquent/phony-phpunit": "^4.0",
                "eloquent/phpstan-phony": "^0.3.0",
                "phpstan/phpstan": "^0.10.3",
                "phpstan/phpstan-phpunit": "^0.10.0",
                "phpunit/phpunit": "^7.3",
                "squizlabs/php_codesniffer": "^3.3"
            },
            "suggest": {
                "northwoods/conditional-middleware": "Execute middleware based on request conditions",
                "northwoods/lazy-middleware": "Lazy load middleware from a container"
            },
            "type": "library",
            "autoload": {
                "psr-4": {
                    "Northwoods\\Broker\\": "src/"
                }
            },
            "notification-url": "https://packagist.org/downloads/",
            "license": [
                "MIT"
            ],
            "authors": [
                {
                    "name": "Woody Gilk",
                    "email": "woody.gilk@gmail.com"
                }
            ],
            "description": "Dead simple PSR-15 middleware dispatcher",
            "keywords": [
                "dispatch",
                "dispatcher",
                "http",
                "middleware",
                "psr-15",
                "psr15",
                "server"
            ],
            "time": "2018-10-17T16:10:39+00:00"
        },
        {
            "name": "nyholm/psr7",
            "version": "1.0.1",
            "source": {
                "type": "git",
                "url": "https://github.com/Nyholm/psr7.git",
                "reference": "02a20d5e9241daefd68935f7a43d9a7a8b4b6277"
            },
            "dist": {
                "type": "zip",
                "url": "https://api.github.com/repos/Nyholm/psr7/zipball/02a20d5e9241daefd68935f7a43d9a7a8b4b6277",
                "reference": "02a20d5e9241daefd68935f7a43d9a7a8b4b6277",
                "shasum": ""
            },
            "require": {
                "php": "^7.1",
                "php-http/message-factory": "^1.0",
                "psr/http-factory": "^1.0",
                "psr/http-message": "^1.0"
            },
            "provide": {
                "psr/http-factory-implementation": "1.0",
                "psr/http-message-implementation": "1.0"
            },
            "require-dev": {
                "http-interop/http-factory-tests": "dev-master",
                "php-http/psr7-integration-tests": "dev-master",
                "phpunit/phpunit": "^7.0"
            },
            "type": "library",
            "extra": {
                "branch-alias": {
                    "dev-master": "1.0-dev"
                }
            },
            "autoload": {
                "psr-4": {
                    "Nyholm\\Psr7\\": "src/"
                }
            },
            "notification-url": "https://packagist.org/downloads/",
            "license": [
                "MIT"
            ],
            "authors": [
                {
                    "name": "Tobias Nyholm",
                    "email": "tobias.nyholm@gmail.com"
                },
                {
                    "name": "Martijn van der Ven",
                    "email": "martijn@vanderven.se"
                }
            ],
            "description": "A fast PHP7 implementation of PSR-7",
            "homepage": "http://tnyholm.se",
            "keywords": [
                "psr-17",
                "psr-7"
            ],
            "time": "2018-09-02T11:50:33+00:00"
        },
        {
            "name": "nyholm/psr7-server",
            "version": "0.3.0",
            "source": {
                "type": "git",
                "url": "https://github.com/Nyholm/psr7-server.git",
                "reference": "1b71a848fcb066fb805b7a9ab3f41ff65bffcde8"
            },
            "dist": {
                "type": "zip",
                "url": "https://api.github.com/repos/Nyholm/psr7-server/zipball/1b71a848fcb066fb805b7a9ab3f41ff65bffcde8",
                "reference": "1b71a848fcb066fb805b7a9ab3f41ff65bffcde8",
                "shasum": ""
            },
            "require": {
                "php": "^7.1",
                "psr/http-factory": "^1.0",
                "psr/http-message": "^1.0"
            },
            "require-dev": {
                "nyholm/nsa": "^1.1",
                "nyholm/psr7": "^1.0",
                "phpunit/phpunit": "^7.0"
            },
            "type": "library",
            "autoload": {
                "psr-4": {
                    "Nyholm\\Psr7Server\\": "src/"
                }
            },
            "notification-url": "https://packagist.org/downloads/",
            "license": [
                "MIT"
            ],
            "authors": [
                {
                    "name": "Tobias Nyholm",
                    "email": "tobias.nyholm@gmail.com"
                },
                {
                    "name": "Martijn van der Ven",
                    "email": "martijn@vanderven.se"
                }
            ],
            "description": "Helper classes to handle PSR-7 server requests",
            "homepage": "http://tnyholm.se",
            "keywords": [
                "psr-17",
                "psr-7"
            ],
            "time": "2018-09-02T10:41:28+00:00"
        },
        {
            "name": "paragonie/easydb",
            "version": "v2.7.0",
            "source": {
                "type": "git",
                "url": "https://github.com/paragonie/easydb.git",
                "reference": "a5c0438d4a84bad1a425beaf13f868d162006ed9"
            },
            "dist": {
                "type": "zip",
                "url": "https://api.github.com/repos/paragonie/easydb/zipball/a5c0438d4a84bad1a425beaf13f868d162006ed9",
                "reference": "a5c0438d4a84bad1a425beaf13f868d162006ed9",
                "shasum": ""
            },
            "require": {
                "ext-pdo": "*",
                "php": "^7"
            },
            "require-dev": {
                "phpunit/phpunit": "^5",
                "squizlabs/php_codesniffer": "^2.7",
                "vimeo/psalm": "^1|^2"
            },
            "type": "library",
            "autoload": {
                "psr-4": {
                    "ParagonIE\\EasyDB\\": "src"
                }
            },
            "notification-url": "https://packagist.org/downloads/",
            "license": [
                "MIT"
            ],
            "authors": [
                {
                    "name": "Scott Arciszewski",
                    "email": "scott@paragonie.com",
                    "homepage": "https://paragonie.com",
                    "role": "Developer"
                },
                {
                    "name": "Woody Gilk",
                    "homepage": "https://github.com/shadowhand",
                    "role": "Contributor"
                },
                {
                    "name": "SignpostMarv",
                    "homepage": "https://github.com/SignpostMarv",
                    "role": "Contributor"
                }
            ],
            "description": "Easy-to-use database abstraction",
            "keywords": [
                "database",
                "pdo",
                "security",
                "sql"
            ],
            "time": "2018-09-23T08:55:12+00:00"
        },
        {
            "name": "php-http/message-factory",
            "version": "v1.0.2",
            "source": {
                "type": "git",
                "url": "https://github.com/php-http/message-factory.git",
                "reference": "a478cb11f66a6ac48d8954216cfed9aa06a501a1"
            },
            "dist": {
                "type": "zip",
                "url": "https://api.github.com/repos/php-http/message-factory/zipball/a478cb11f66a6ac48d8954216cfed9aa06a501a1",
                "reference": "a478cb11f66a6ac48d8954216cfed9aa06a501a1",
                "shasum": ""
            },
            "require": {
                "php": ">=5.4",
                "psr/http-message": "^1.0"
            },
            "type": "library",
            "extra": {
                "branch-alias": {
                    "dev-master": "1.0-dev"
                }
            },
            "autoload": {
                "psr-4": {
                    "Http\\Message\\": "src/"
                }
            },
            "notification-url": "https://packagist.org/downloads/",
            "license": [
                "MIT"
            ],
            "authors": [
                {
                    "name": "Márk Sági-Kazár",
                    "email": "mark.sagikazar@gmail.com"
                }
            ],
            "description": "Factory interfaces for PSR-7 HTTP Message",
            "homepage": "http://php-http.org",
            "keywords": [
                "factory",
                "http",
                "message",
                "stream",
                "uri"
            ],
            "time": "2015-12-19T14:08:53+00:00"
        },
        {
            "name": "psr/container",
            "version": "1.0.0",
            "source": {
                "type": "git",
                "url": "https://github.com/php-fig/container.git",
                "reference": "b7ce3b176482dbbc1245ebf52b181af44c2cf55f"
            },
            "dist": {
                "type": "zip",
                "url": "https://api.github.com/repos/php-fig/container/zipball/b7ce3b176482dbbc1245ebf52b181af44c2cf55f",
                "reference": "b7ce3b176482dbbc1245ebf52b181af44c2cf55f",
                "shasum": ""
            },
            "require": {
                "php": ">=5.3.0"
            },
            "type": "library",
            "extra": {
                "branch-alias": {
                    "dev-master": "1.0.x-dev"
                }
            },
            "autoload": {
                "psr-4": {
                    "Psr\\Container\\": "src/"
                }
            },
            "notification-url": "https://packagist.org/downloads/",
            "license": [
                "MIT"
            ],
            "authors": [
                {
                    "name": "PHP-FIG",
                    "homepage": "http://www.php-fig.org/"
                }
            ],
            "description": "Common Container Interface (PHP FIG PSR-11)",
            "homepage": "https://github.com/php-fig/container",
            "keywords": [
                "PSR-11",
                "container",
                "container-interface",
                "container-interop",
                "psr"
            ],
            "time": "2017-02-14T16:28:37+00:00"
        },
        {
            "name": "psr/http-factory",
            "version": "1.0.0",
            "source": {
                "type": "git",
                "url": "https://github.com/php-fig/http-factory.git",
                "reference": "378bfe27931ecc54ff824a20d6f6bfc303bbd04c"
            },
            "dist": {
                "type": "zip",
                "url": "https://api.github.com/repos/php-fig/http-factory/zipball/378bfe27931ecc54ff824a20d6f6bfc303bbd04c",
                "reference": "378bfe27931ecc54ff824a20d6f6bfc303bbd04c",
                "shasum": ""
            },
            "require": {
                "php": ">=7.0.0",
                "psr/http-message": "^1.0"
            },
            "type": "library",
            "extra": {
                "branch-alias": {
                    "dev-master": "1.0.x-dev"
                }
            },
            "autoload": {
                "psr-4": {
                    "Psr\\Http\\Message\\": "src/"
                }
            },
            "notification-url": "https://packagist.org/downloads/",
            "license": [
                "MIT"
            ],
            "authors": [
                {
                    "name": "PHP-FIG",
                    "homepage": "http://www.php-fig.org/"
                }
            ],
            "description": "Common interfaces for PSR-7 HTTP message factories",
            "keywords": [
                "factory",
                "http",
                "message",
                "psr",
                "psr-17",
                "psr-7",
                "request",
                "response"
            ],
            "time": "2018-07-30T21:54:04+00:00"
        },
        {
            "name": "psr/http-message",
            "version": "1.0.1",
            "source": {
                "type": "git",
                "url": "https://github.com/php-fig/http-message.git",
                "reference": "f6561bf28d520154e4b0ec72be95418abe6d9363"
            },
            "dist": {
                "type": "zip",
                "url": "https://api.github.com/repos/php-fig/http-message/zipball/f6561bf28d520154e4b0ec72be95418abe6d9363",
                "reference": "f6561bf28d520154e4b0ec72be95418abe6d9363",
                "shasum": ""
            },
            "require": {
                "php": ">=5.3.0"
            },
            "type": "library",
            "extra": {
                "branch-alias": {
                    "dev-master": "1.0.x-dev"
                }
            },
            "autoload": {
                "psr-4": {
                    "Psr\\Http\\Message\\": "src/"
                }
            },
            "notification-url": "https://packagist.org/downloads/",
            "license": [
                "MIT"
            ],
            "authors": [
                {
                    "name": "PHP-FIG",
                    "homepage": "http://www.php-fig.org/"
                }
            ],
            "description": "Common interface for HTTP messages",
            "homepage": "https://github.com/php-fig/http-message",
            "keywords": [
                "http",
                "http-message",
                "psr",
                "psr-7",
                "request",
                "response"
            ],
            "time": "2016-08-06T14:39:51+00:00"
        },
        {
            "name": "psr/http-server-handler",
            "version": "1.0.0",
            "source": {
                "type": "git",
                "url": "https://github.com/php-fig/http-server-handler.git",
                "reference": "439d92054dc06097f2406ec074a2627839955a02"
            },
            "dist": {
                "type": "zip",
                "url": "https://api.github.com/repos/php-fig/http-server-handler/zipball/439d92054dc06097f2406ec074a2627839955a02",
                "reference": "439d92054dc06097f2406ec074a2627839955a02",
                "shasum": ""
            },
            "require": {
                "php": ">=7.0",
                "psr/http-message": "^1.0"
            },
            "type": "library",
            "extra": {
                "branch-alias": {
                    "dev-master": "1.0.x-dev"
                }
            },
            "autoload": {
                "psr-4": {
                    "Psr\\Http\\Server\\": "src/"
                }
            },
            "notification-url": "https://packagist.org/downloads/",
            "license": [
                "MIT"
            ],
            "authors": [
                {
                    "name": "PHP-FIG",
                    "homepage": "http://www.php-fig.org/"
                }
            ],
            "description": "Common interface for HTTP server-side request handler",
            "keywords": [
                "handler",
                "http",
                "http-interop",
                "psr",
                "psr-15",
                "psr-7",
                "request",
                "response",
                "server"
            ],
            "time": "2018-01-22T17:04:15+00:00"
        },
        {
            "name": "psr/http-server-middleware",
            "version": "1.0.0",
            "source": {
                "type": "git",
                "url": "https://github.com/php-fig/http-server-middleware.git",
                "reference": "ea17eb1fb2c8df6db919cc578451a8013c6a0ae5"
            },
            "dist": {
                "type": "zip",
                "url": "https://api.github.com/repos/php-fig/http-server-middleware/zipball/ea17eb1fb2c8df6db919cc578451a8013c6a0ae5",
                "reference": "ea17eb1fb2c8df6db919cc578451a8013c6a0ae5",
                "shasum": ""
            },
            "require": {
                "php": ">=7.0",
                "psr/http-message": "^1.0",
                "psr/http-server-handler": "^1.0"
            },
            "type": "library",
            "extra": {
                "branch-alias": {
                    "dev-master": "1.0.x-dev"
                }
            },
            "autoload": {
                "psr-4": {
                    "Psr\\Http\\Server\\": "src/"
                }
            },
            "notification-url": "https://packagist.org/downloads/",
            "license": [
                "MIT"
            ],
            "authors": [
                {
                    "name": "PHP-FIG",
                    "homepage": "http://www.php-fig.org/"
                }
            ],
            "description": "Common interface for HTTP server-side middleware",
            "keywords": [
                "http",
                "http-interop",
                "middleware",
                "psr",
                "psr-15",
                "psr-7",
                "request",
                "response"
            ],
            "time": "2018-01-22T17:08:31+00:00"
        },
        {
            "name": "psr/log",
            "version": "1.0.2",
            "source": {
                "type": "git",
                "url": "https://github.com/php-fig/log.git",
                "reference": "4ebe3a8bf773a19edfe0a84b6585ba3d401b724d"
            },
            "dist": {
                "type": "zip",
                "url": "https://api.github.com/repos/php-fig/log/zipball/4ebe3a8bf773a19edfe0a84b6585ba3d401b724d",
                "reference": "4ebe3a8bf773a19edfe0a84b6585ba3d401b724d",
                "shasum": ""
            },
            "require": {
                "php": ">=5.3.0"
            },
            "type": "library",
            "extra": {
                "branch-alias": {
                    "dev-master": "1.0.x-dev"
                }
            },
            "autoload": {
                "psr-4": {
                    "Psr\\Log\\": "Psr/Log/"
                }
            },
            "notification-url": "https://packagist.org/downloads/",
            "license": [
                "MIT"
            ],
            "authors": [
                {
                    "name": "PHP-FIG",
                    "homepage": "http://www.php-fig.org/"
                }
            ],
            "description": "Common interface for logging libraries",
            "homepage": "https://github.com/php-fig/log",
            "keywords": [
                "log",
                "psr",
                "psr-3"
            ],
            "time": "2016-10-10T12:19:37+00:00"
        },
        {
            "name": "vlucas/phpdotenv",
            "version": "v2.5.1",
            "source": {
                "type": "git",
                "url": "https://github.com/vlucas/phpdotenv.git",
                "reference": "8abb4f9aa89ddea9d52112c65bbe8d0125e2fa8e"
            },
            "dist": {
                "type": "zip",
                "url": "https://api.github.com/repos/vlucas/phpdotenv/zipball/8abb4f9aa89ddea9d52112c65bbe8d0125e2fa8e",
                "reference": "8abb4f9aa89ddea9d52112c65bbe8d0125e2fa8e",
                "shasum": ""
            },
            "require": {
                "php": ">=5.3.9"
            },
            "require-dev": {
                "phpunit/phpunit": "^4.8.35 || ^5.0"
            },
            "type": "library",
            "extra": {
                "branch-alias": {
                    "dev-master": "2.5-dev"
                }
            },
            "autoload": {
                "psr-4": {
                    "Dotenv\\": "src/"
                }
            },
            "notification-url": "https://packagist.org/downloads/",
            "license": [
                "BSD-3-Clause"
            ],
            "authors": [
                {
                    "name": "Vance Lucas",
                    "email": "vance@vancelucas.com",
                    "homepage": "http://www.vancelucas.com"
                }
            ],
            "description": "Loads environment variables from `.env` to `getenv()`, `$_ENV` and `$_SERVER` automagically.",
            "keywords": [
                "dotenv",
                "env",
                "environment"
            ],
            "time": "2018-07-29T20:33:41+00:00"
        }
    ],
    "packages-dev": [],
    "aliases": [],
    "minimum-stability": "dev",
    "stability-flags": [],
    "prefer-stable": true,
    "prefer-lowest": false,
    "platform": {
        "php": "^7.1.3"
    },
    "platform-dev": []
}
